
Microsoft Visual Studio Solution File, Format Version 12.00
# Visual Studio Version 17
VisualStudioVersion = 17.4.33213.308
MinimumVisualStudioVersion = 10.0.40219.1
Project("{9A19103F-16F7-4668-BE54-9A1E7A4F7556}") = "RealEstateApi", "RealEstateApi\RealEstateApi\RealEstateApi.csproj", "{71D33B14-81C1-4A8F-98EB-458EDCD3F7E4}"
EndProject
Project("{9A19103F-16F7-4668-BE54-9A1E7A4F7556}") = "RealEstateAppMaui", "RealEstateAppMaui\RealEstateAppMaui.csproj", "{72F0FE6B-82C3-413C-8A89-552B35AB098C}"
EndProject
Global
	GlobalSection(SolutionConfigurationPlatforms) = preSolution
		Debug|Any CPU = Debug|Any CPU
		Release|Any CPU = Release|Any CPU
	EndGlobalSection
	GlobalSection(ProjectConfigurationPlatforms) = postSolution
		{71D33B14-81C1-4A8F-98EB-458EDCD3F7E4}.Debug|Any CPU.ActiveCfg = Debug|Any CPU
		{71D33B14-81C1-4A8F-98EB-458EDCD3F7E4}.Debug|Any CPU.Build.0 = Debug|Any CPU
		{71D33B14-81C1-4A8F-98EB-458EDCD3F7E4}.Release|Any CPU.ActiveCfg = Release|Any CPU
		{71D33B14-81C1-4A8F-98EB-458EDCD3F7E4}.Release|Any CPU.Build.0 = Release|Any CPU
		{72F0FE6B-82C3-413C-8A89-552B35AB098C}.Debug|Any CPU.ActiveCfg = Debug|Any CPU
		{72F0FE6B-82C3-413C-8A89-552B35AB098C}.Debug|Any CPU.Build.0 = Debug|Any CPU
		{72F0FE6B-82C3-413C-8A89-552B35AB098C}.Debug|Any CPU.Deploy.0 = Debug|Any CPU
		{72F0FE6B-82C3-413C-8A89-552B35AB098C}.Release|Any CPU.ActiveCfg = Release|Any CPU
		{72F0FE6B-82C3-413C-8A89-552B35AB098C}.Release|Any CPU.Build.0 = Release|Any CPU
		{72F0FE6B-82C3-413C-8A89-552B35AB098C}.Release|Any CPU.Deploy.0 = Release|Any CPU
	EndGlobalSection
	GlobalSection(SolutionProperties) = preSolution
		HideSolutionNode = FALSE
	EndGlobalSection
	GlobalSection(ExtensibilityGlobals) = postSolution
		SolutionGuid = {6D6384DD-AEC2-4A45-AB20-B8B9F5E73A11}
	EndGlobalSection
EndGlobal
